
Microsoft Visual Studio Solution File, Format Version 12.00
# Visual Studio 15
VisualStudioVersion = 15.0.28010.2041
MinimumVisualStudioVersion = 10.0.40219.1
Project("{8BC9CEB8-8B4A-11D0-8D11-00A0C91BC942}") = "8dop3", "8dop3\8dop3.vcxproj", "{9CE3FDD2-BAC9-4778-8F4B-6BF1D39096DB}"
EndProject
Global
	GlobalSection(SolutionConfigurationPlatforms) = preSolution
		Debug|x64 = Debug|x64
		Debug|x86 = Debug|x86
		Release|x64 = Release|x64
		Release|x86 = Release|x86
	EndGlobalSection
	GlobalSection(ProjectConfigurationPlatforms) = postSolution
		{9CE3FDD2-BAC9-4778-8F4B-6BF1D39096DB}.Debug|x64.ActiveCfg = Debug|x64
		{9CE3FDD2-BAC9-4778-8F4B-6BF1D39096DB}.Debug|x64.Build.0 = Debug|x64
		{9CE3FDD2-BAC9-4778-8F4B-6BF1D39096DB}.Debug|x86.ActiveCfg = Debug|Win32
		{9CE3FDD2-BAC9-4778-8F4B-6BF1D39096DB}.Debug|x86.Build.0 = Debug|Win32
		{9CE3FDD2-BAC9-4778-8F4B-6BF1D39096DB}.Release|x64.ActiveCfg = Release|x64
		{9CE3FDD2-BAC9-4778-8F4B-6BF1D39096DB}.Release|x64.Build.0 = Release|x64
		{9CE3FDD2-BAC9-4778-8F4B-6BF1D39096DB}.Release|x86.ActiveCfg = Release|Win32
		{9CE3FDD2-BAC9-4778-8F4B-6BF1D39096DB}.Release|x86.Build.0 = Release|Win32
	EndGlobalSection
	GlobalSection(SolutionProperties) = preSolution
		HideSolutionNode = FALSE
	EndGlobalSection
	GlobalSection(ExtensibilityGlobals) = postSolution
		SolutionGuid = {5CB58E76-F8A8-46A1-A599-E3DA8E1A820D}
	EndGlobalSection
EndGlobal
